
Microsoft Visual Studio Solution File, Format Version 12.00
# Visual Studio Version 17
VisualStudioVersion = 17.0.31903.59
MinimumVisualStudioVersion = 10.0.40219.1
Project("{2150E333-8FDC-42A3-9474-1A3956D46DE8}") = "src", "src", "{827E0CD3-B72D-47B6-A68D-7590B98EB39B}"
EndProject
Project("{FAE04EC0-301F-11D3-BF4B-00C04F79EFBC}") = "Agterhuis.Ui", "src\Agterhuis.Ui\Agterhuis.Ui.csproj", "{00A64D60-9EB3-4852-8C32-7A22111CF97B}"
EndProject
Project("{FAE04EC0-301F-11D3-BF4B-00C04F79EFBC}") = "Agterhuis.Ui.Designer", "src\Agterhuis.Ui.Designer\Agterhuis.Ui.Designer.csproj", "{43EF5A38-B95D-4CC3-AF3D-B56B9BD0B9C0}"
EndProject
Project("{2150E333-8FDC-42A3-9474-1A3956D46DE8}") = "samples", "samples", "{5D20AA90-6969-D8BD-9DCD-8634F4692FDA}"
EndProject
Project("{FAE04EC0-301F-11D3-BF4B-00C04F79EFBC}") = "Agterhuis.Ui.Demo", "samples\Agterhuis.Ui.Demo\Agterhuis.Ui.Demo.csproj", "{B14E0268-D98C-4000-AB4D-7F70A03A8D4F}"
EndProject
Project("{2150E333-8FDC-42A3-9474-1A3956D46DE8}") = "tests", "tests", "{0AB3BF05-4346-4AA6-1389-037BE0695223}"
EndProject
Project("{FAE04EC0-301F-11D3-BF4B-00C04F79EFBC}") = "Agterhuis.Ui.Tests", "tests\Agterhuis.Ui.Tests\Agterhuis.Ui.Tests.csproj", "{EF79F4BD-D3CA-477C-BF6E-B7BF73DDDE21}"
EndProject
Project("{2150E333-8FDC-42A3-9474-1A3956D46DE8}") = "artifacts", "artifacts", "{99116B1D-F007-E82B-443C-F02EDF2152BC}"
EndProject
Project("{FAE04EC0-301F-11D3-BF4B-00C04F79EFBC}") = "RadzenInventoryTool", "artifacts\RadzenInventoryTool\RadzenInventoryTool.csproj", "{6508CB80-2D9A-4AC2-9AF2-F55A8F547334}"
EndProject
Project("{2150E333-8FDC-42A3-9474-1A3956D46DE8}") = "eng", "eng", "{7525B257-249C-EE79-B10A-65D0BC27ABA9}"
EndProject
Project("{2150E333-8FDC-42A3-9474-1A3956D46DE8}") = "templates", "templates", "{A4A02D90-2A4A-4F31-9E3C-2E6D7E4CB8C3}"
EndProject
Project("{2150E333-8FDC-42A3-9474-1A3956D46DE8}") = "api", "api", "{4C165305-53EC-4A91-90AE-6AA011CB3B31}"
EndProject
Project("{FAE04EC0-301F-11D3-BF4B-00C04F79EFBC}") = "Agterhuis.Ui.Designer.Api", "api\Agterhuis.Ui.Designer.Api\Agterhuis.Ui.Designer.Api.csproj", "{38582E3D-E4A5-4D44-B4D5-D5DE3EA2A38F}"
EndProject
Project("{FAE04EC0-301F-11D3-BF4B-00C04F79EFBC}") = "Agterhuis.Ui.Templates", "templates\Agterhuis.Ui.Templates\Agterhuis.Ui.Templates.csproj", "{3F8BA5C4-2B78-4A03-BE33-CA4F0D03F5D7}"
EndProject
Project("{2150E333-8FDC-42A3-9474-1A3956D46DE8}") = "token-audit", "token-audit", "{0740DDFA-090F-B3D7-9E22-FA45606A96EE}"
EndProject
Project("{FAE04EC0-301F-11D3-BF4B-00C04F79EFBC}") = "TokenAudit", "eng\token-audit\TokenAudit.csproj", "{D3E50298-CB7F-4C84-9205-0115927A36A7}"
EndProject
Project("{2150E333-8FDC-42A3-9474-1A3956D46DE8}") = "token-export", "token-export", "{5F4A8798-4B9E-45A9-8D0D-BB8B2E1C3A4C}"
EndProject
Project("{FAE04EC0-301F-11D3-BF4B-00C04F79EFBC}") = "TokenExport", "eng\token-export\TokenExport.csproj", "{8A0D5F6F-FD9E-4B4A-8C1D-1E2E8B6AB3C4}"
EndProject
Project("{2150E333-8FDC-42A3-9474-1A3956D46DE8}") = "example-audit", "example-audit", "{17FCD53D-7F2B-D2A0-A3BE-2260004B5F2D}"
EndProject
Project("{FAE04EC0-301F-11D3-BF4B-00C04F79EFBC}") = "ExampleAudit", "eng\example-audit\ExampleAudit.csproj", "{23790118-AF20-457B-928F-2DE48D879790}"
EndProject
Project("{2150E333-8FDC-42A3-9474-1A3956D46DE8}") = "designer-introspection", "designer-introspection", "{50946D15-19CB-FA43-1C52-3DF2598011B5}"
EndProject
Project("{FAE04EC0-301F-11D3-BF4B-00C04F79EFBC}") = "Agterhuis.Ui.Designer.Introspection", "eng\designer-introspection\Agterhuis.Ui.Designer.Introspection.csproj", "{1CDA8106-8C8F-4F2E-99E6-EDF7598F9364}"
EndProject
Project("{2150E333-8FDC-42A3-9474-1A3956D46DE8}") = "designer-registry-generator", "designer-registry-generator", "{D0EDFA1F-BD40-5ABE-6AB4-429E57C8173B}"
EndProject
Project("{FAE04EC0-301F-11D3-BF4B-00C04F79EFBC}") = "Agterhuis.Ui.Designer.RegistryGenerator", "eng\designer-registry-generator\Agterhuis.Ui.Designer.RegistryGenerator.csproj", "{99C5622A-E099-440F-A6D2-D5975A5A8991}"
EndProject
Global
	GlobalSection(SolutionConfigurationPlatforms) = preSolution
		Debug|Any CPU = Debug|Any CPU
		Debug|x64 = Debug|x64
		Debug|x86 = Debug|x86
		Release|Any CPU = Release|Any CPU
		Release|x64 = Release|x64
		Release|x86 = Release|x86
	EndGlobalSection
	GlobalSection(ProjectConfigurationPlatforms) = postSolution
		{00A64D60-9EB3-4852-8C32-7A22111CF97B}.Debug|Any CPU.ActiveCfg = Debug|Any CPU
		{00A64D60-9EB3-4852-8C32-7A22111CF97B}.Debug|Any CPU.Build.0 = Debug|Any CPU
		{00A64D60-9EB3-4852-8C32-7A22111CF97B}.Debug|x64.ActiveCfg = Debug|Any CPU
		{00A64D60-9EB3-4852-8C32-7A22111CF97B}.Debug|x64.Build.0 = Debug|Any CPU
		{00A64D60-9EB3-4852-8C32-7A22111CF97B}.Debug|x86.ActiveCfg = Debug|Any CPU
		{00A64D60-9EB3-4852-8C32-7A22111CF97B}.Debug|x86.Build.0 = Debug|Any CPU
		{00A64D60-9EB3-4852-8C32-7A22111CF97B}.Release|Any CPU.ActiveCfg = Release|Any CPU
		{00A64D60-9EB3-4852-8C32-7A22111CF97B}.Release|Any CPU.Build.0 = Release|Any CPU
		{00A64D60-9EB3-4852-8C32-7A22111CF97B}.Release|x64.ActiveCfg = Release|Any CPU
		{00A64D60-9EB3-4852-8C32-7A22111CF97B}.Release|x64.Build.0 = Release|Any CPU
		{00A64D60-9EB3-4852-8C32-7A22111CF97B}.Release|x86.ActiveCfg = Release|Any CPU
		{00A64D60-9EB3-4852-8C32-7A22111CF97B}.Release|x86.Build.0 = Release|Any CPU
		{43EF5A38-B95D-4CC3-AF3D-B56B9BD0B9C0}.Debug|Any CPU.ActiveCfg = Debug|Any CPU
		{43EF5A38-B95D-4CC3-AF3D-B56B9BD0B9C0}.Debug|Any CPU.Build.0 = Debug|Any CPU
		{43EF5A38-B95D-4CC3-AF3D-B56B9BD0B9C0}.Debug|x64.ActiveCfg = Debug|Any CPU
		{43EF5A38-B95D-4CC3-AF3D-B56B9BD0B9C0}.Debug|x64.Build.0 = Debug|Any CPU
		{43EF5A38-B95D-4CC3-AF3D-B56B9BD0B9C0}.Debug|x86.ActiveCfg = Debug|Any CPU
		{43EF5A38-B95D-4CC3-AF3D-B56B9BD0B9C0}.Debug|x86.Build.0 = Debug|Any CPU
		{43EF5A38-B95D-4CC3-AF3D-B56B9BD0B9C0}.Release|Any CPU.ActiveCfg = Release|Any CPU
		{43EF5A38-B95D-4CC3-AF3D-B56B9BD0B9C0}.Release|Any CPU.Build.0 = Release|Any CPU
		{43EF5A38-B95D-4CC3-AF3D-B56B9BD0B9C0}.Release|x64.ActiveCfg = Release|Any CPU
		{43EF5A38-B95D-4CC3-AF3D-B56B9BD0B9C0}.Release|x64.Build.0 = Release|Any CPU
		{43EF5A38-B95D-4CC3-AF3D-B56B9BD0B9C0}.Release|x86.ActiveCfg = Release|Any CPU
		{43EF5A38-B95D-4CC3-AF3D-B56B9BD0B9C0}.Release|x86.Build.0 = Release|Any CPU
		{B14E0268-D98C-4000-AB4D-7F70A03A8D4F}.Debug|Any CPU.ActiveCfg = Debug|Any CPU
		{B14E0268-D98C-4000-AB4D-7F70A03A8D4F}.Debug|Any CPU.Build.0 = Debug|Any CPU
		{B14E0268-D98C-4000-AB4D-7F70A03A8D4F}.Debug|x64.ActiveCfg = Debug|Any CPU
		{B14E0268-D98C-4000-AB4D-7F70A03A8D4F}.Debug|x64.Build.0 = Debug|Any CPU
		{B14E0268-D98C-4000-AB4D-7F70A03A8D4F}.Debug|x86.ActiveCfg = Debug|Any CPU
		{B14E0268-D98C-4000-AB4D-7F70A03A8D4F}.Debug|x86.Build.0 = Debug|Any CPU
		{B14E0268-D98C-4000-AB4D-7F70A03A8D4F}.Release|Any CPU.ActiveCfg = Release|Any CPU
		{B14E0268-D98C-4000-AB4D-7F70A03A8D4F}.Release|Any CPU.Build.0 = Release|Any CPU
		{B14E0268-D98C-4000-AB4D-7F70A03A8D4F}.Release|x64.ActiveCfg = Release|Any CPU
		{B14E0268-D98C-4000-AB4D-7F70A03A8D4F}.Release|x64.Build.0 = Release|Any CPU
		{B14E0268-D98C-4000-AB4D-7F70A03A8D4F}.Release|x86.ActiveCfg = Release|Any CPU
		{B14E0268-D98C-4000-AB4D-7F70A03A8D4F}.Release|x86.Build.0 = Release|Any CPU
		{EF79F4BD-D3CA-477C-BF6E-B7BF73DDDE21}.Debug|Any CPU.ActiveCfg = Debug|Any CPU
		{EF79F4BD-D3CA-477C-BF6E-B7BF73DDDE21}.Debug|Any CPU.Build.0 = Debug|Any CPU
		{EF79F4BD-D3CA-477C-BF6E-B7BF73DDDE21}.Debug|x64.ActiveCfg = Debug|Any CPU
		{EF79F4BD-D3CA-477C-BF6E-B7BF73DDDE21}.Debug|x64.Build.0 = Debug|Any CPU
		{EF79F4BD-D3CA-477C-BF6E-B7BF73DDDE21}.Debug|x86.ActiveCfg = Debug|Any CPU
		{EF79F4BD-D3CA-477C-BF6E-B7BF73DDDE21}.Debug|x86.Build.0 = Debug|Any CPU
		{EF79F4BD-D3CA-477C-BF6E-B7BF73DDDE21}.Release|Any CPU.ActiveCfg = Release|Any CPU
		{EF79F4BD-D3CA-477C-BF6E-B7BF73DDDE21}.Release|Any CPU.Build.0 = Release|Any CPU
		{EF79F4BD-D3CA-477C-BF6E-B7BF73DDDE21}.Release|x64.ActiveCfg = Release|Any CPU
		{EF79F4BD-D3CA-477C-BF6E-B7BF73DDDE21}.Release|x64.Build.0 = Release|Any CPU
		{EF79F4BD-D3CA-477C-BF6E-B7BF73DDDE21}.Release|x86.ActiveCfg = Release|Any CPU
		{EF79F4BD-D3CA-477C-BF6E-B7BF73DDDE21}.Release|x86.Build.0 = Release|Any CPU
		{6508CB80-2D9A-4AC2-9AF2-F55A8F547334}.Debug|Any CPU.ActiveCfg = Debug|Any CPU
		{6508CB80-2D9A-4AC2-9AF2-F55A8F547334}.Debug|Any CPU.Build.0 = Debug|Any CPU
		{6508CB80-2D9A-4AC2-9AF2-F55A8F547334}.Debug|x64.ActiveCfg = Debug|Any CPU
		{6508CB80-2D9A-4AC2-9AF2-F55A8F547334}.Debug|x64.Build.0 = Debug|Any CPU
		{6508CB80-2D9A-4AC2-9AF2-F55A8F547334}.Debug|x86.ActiveCfg = Debug|Any CPU
		{6508CB80-2D9A-4AC2-9AF2-F55A8F547334}.Debug|x86.Build.0 = Debug|Any CPU
		{6508CB80-2D9A-4AC2-9AF2-F55A8F547334}.Release|Any CPU.ActiveCfg = Release|Any CPU
		{6508CB80-2D9A-4AC2-9AF2-F55A8F547334}.Release|Any CPU.Build.0 = Release|Any CPU
		{6508CB80-2D9A-4AC2-9AF2-F55A8F547334}.Release|x64.ActiveCfg = Release|Any CPU
		{6508CB80-2D9A-4AC2-9AF2-F55A8F547334}.Release|x64.Build.0 = Release|Any CPU
		{6508CB80-2D9A-4AC2-9AF2-F55A8F547334}.Release|x86.ActiveCfg = Release|Any CPU
		{6508CB80-2D9A-4AC2-9AF2-F55A8F547334}.Release|x86.Build.0 = Release|Any CPU
		{3F8BA5C4-2B78-4A03-BE33-CA4F0D03F5D7}.Debug|Any CPU.ActiveCfg = Debug|Any CPU
		{3F8BA5C4-2B78-4A03-BE33-CA4F0D03F5D7}.Debug|Any CPU.Build.0 = Debug|Any CPU
		{3F8BA5C4-2B78-4A03-BE33-CA4F0D03F5D7}.Debug|x64.ActiveCfg = Debug|Any CPU
		{3F8BA5C4-2B78-4A03-BE33-CA4F0D03F5D7}.Debug|x64.Build.0 = Debug|Any CPU
		{3F8BA5C4-2B78-4A03-BE33-CA4F0D03F5D7}.Debug|x86.ActiveCfg = Debug|Any CPU
		{3F8BA5C4-2B78-4A03-BE33-CA4F0D03F5D7}.Debug|x86.Build.0 = Debug|Any CPU
		{3F8BA5C4-2B78-4A03-BE33-CA4F0D03F5D7}.Release|Any CPU.ActiveCfg = Release|Any CPU
		{3F8BA5C4-2B78-4A03-BE33-CA4F0D03F5D7}.Release|Any CPU.Build.0 = Release|Any CPU
		{3F8BA5C4-2B78-4A03-BE33-CA4F0D03F5D7}.Release|x64.ActiveCfg = Release|Any CPU
		{3F8BA5C4-2B78-4A03-BE33-CA4F0D03F5D7}.Release|x64.Build.0 = Release|Any CPU
		{3F8BA5C4-2B78-4A03-BE33-CA4F0D03F5D7}.Release|x86.ActiveCfg = Release|Any CPU
		{3F8BA5C4-2B78-4A03-BE33-CA4F0D03F5D7}.Release|x86.Build.0 = Release|Any CPU
		{38582E3D-E4A5-4D44-B4D5-D5DE3EA2A38F}.Debug|Any CPU.ActiveCfg = Debug|Any CPU
		{38582E3D-E4A5-4D44-B4D5-D5DE3EA2A38F}.Debug|Any CPU.Build.0 = Debug|Any CPU
		{38582E3D-E4A5-4D44-B4D5-D5DE3EA2A38F}.Debug|x64.ActiveCfg = Debug|Any CPU
		{38582E3D-E4A5-4D44-B4D5-D5DE3EA2A38F}.Debug|x64.Build.0 = Debug|Any CPU
		{38582E3D-E4A5-4D44-B4D5-D5DE3EA2A38F}.Debug|x86.ActiveCfg = Debug|Any CPU
		{38582E3D-E4A5-4D44-B4D5-D5DE3EA2A38F}.Debug|x86.Build.0 = Debug|Any CPU
		{38582E3D-E4A5-4D44-B4D5-D5DE3EA2A38F}.Release|Any CPU.ActiveCfg = Release|Any CPU
		{38582E3D-E4A5-4D44-B4D5-D5DE3EA2A38F}.Release|Any CPU.Build.0 = Release|Any CPU
		{38582E3D-E4A5-4D44-B4D5-D5DE3EA2A38F}.Release|x64.ActiveCfg = Release|Any CPU
		{38582E3D-E4A5-4D44-B4D5-D5DE3EA2A38F}.Release|x64.Build.0 = Release|Any CPU
		{38582E3D-E4A5-4D44-B4D5-D5DE3EA2A38F}.Release|x86.ActiveCfg = Release|Any CPU
		{38582E3D-E4A5-4D44-B4D5-D5DE3EA2A38F}.Release|x86.Build.0 = Release|Any CPU
		{D3E50298-CB7F-4C84-9205-0115927A36A7}.Debug|Any CPU.ActiveCfg = Debug|Any CPU
		{D3E50298-CB7F-4C84-9205-0115927A36A7}.Debug|Any CPU.Build.0 = Debug|Any CPU
		{D3E50298-CB7F-4C84-9205-0115927A36A7}.Debug|x64.ActiveCfg = Debug|Any CPU
		{D3E50298-CB7F-4C84-9205-0115927A36A7}.Debug|x64.Build.0 = Debug|Any CPU
		{D3E50298-CB7F-4C84-9205-0115927A36A7}.Debug|x86.ActiveCfg = Debug|Any CPU
		{D3E50298-CB7F-4C84-9205-0115927A36A7}.Debug|x86.Build.0 = Debug|Any CPU
		{D3E50298-CB7F-4C84-9205-0115927A36A7}.Release|Any CPU.ActiveCfg = Release|Any CPU
		{D3E50298-CB7F-4C84-9205-0115927A36A7}.Release|Any CPU.Build.0 = Release|Any CPU
		{D3E50298-CB7F-4C84-9205-0115927A36A7}.Release|x64.ActiveCfg = Release|Any CPU
		{D3E50298-CB7F-4C84-9205-0115927A36A7}.Release|x64.Build.0 = Release|Any CPU
		{D3E50298-CB7F-4C84-9205-0115927A36A7}.Release|x86.ActiveCfg = Release|Any CPU
		{D3E50298-CB7F-4C84-9205-0115927A36A7}.Release|x86.Build.0 = Release|Any CPU
		{8A0D5F6F-FD9E-4B4A-8C1D-1E2E8B6AB3C4}.Debug|Any CPU.ActiveCfg = Debug|Any CPU
		{8A0D5F6F-FD9E-4B4A-8C1D-1E2E8B6AB3C4}.Debug|Any CPU.Build.0 = Debug|Any CPU
		{8A0D5F6F-FD9E-4B4A-8C1D-1E2E8B6AB3C4}.Debug|x64.ActiveCfg = Debug|Any CPU
		{8A0D5F6F-FD9E-4B4A-8C1D-1E2E8B6AB3C4}.Debug|x64.Build.0 = Debug|Any CPU
		{8A0D5F6F-FD9E-4B4A-8C1D-1E2E8B6AB3C4}.Debug|x86.ActiveCfg = Debug|Any CPU
		{8A0D5F6F-FD9E-4B4A-8C1D-1E2E8B6AB3C4}.Debug|x86.Build.0 = Debug|Any CPU
		{8A0D5F6F-FD9E-4B4A-8C1D-1E2E8B6AB3C4}.Release|Any CPU.ActiveCfg = Release|Any CPU
		{8A0D5F6F-FD9E-4B4A-8C1D-1E2E8B6AB3C4}.Release|Any CPU.Build.0 = Release|Any CPU
		{8A0D5F6F-FD9E-4B4A-8C1D-1E2E8B6AB3C4}.Release|x64.ActiveCfg = Release|Any CPU
		{8A0D5F6F-FD9E-4B4A-8C1D-1E2E8B6AB3C4}.Release|x64.Build.0 = Release|Any CPU
		{8A0D5F6F-FD9E-4B4A-8C1D-1E2E8B6AB3C4}.Release|x86.ActiveCfg = Release|Any CPU
		{8A0D5F6F-FD9E-4B4A-8C1D-1E2E8B6AB3C4}.Release|x86.Build.0 = Release|Any CPU
		{23790118-AF20-457B-928F-2DE48D879790}.Debug|Any CPU.ActiveCfg = Debug|Any CPU
		{23790118-AF20-457B-928F-2DE48D879790}.Debug|Any CPU.Build.0 = Debug|Any CPU
		{23790118-AF20-457B-928F-2DE48D879790}.Debug|x64.ActiveCfg = Debug|Any CPU
		{23790118-AF20-457B-928F-2DE48D879790}.Debug|x64.Build.0 = Debug|Any CPU
		{23790118-AF20-457B-928F-2DE48D879790}.Debug|x86.ActiveCfg = Debug|Any CPU
		{23790118-AF20-457B-928F-2DE48D879790}.Debug|x86.Build.0 = Debug|Any CPU
		{23790118-AF20-457B-928F-2DE48D879790}.Release|Any CPU.ActiveCfg = Release|Any CPU
		{23790118-AF20-457B-928F-2DE48D879790}.Release|Any CPU.Build.0 = Release|Any CPU
		{23790118-AF20-457B-928F-2DE48D879790}.Release|x64.ActiveCfg = Release|Any CPU
		{23790118-AF20-457B-928F-2DE48D879790}.Release|x64.Build.0 = Release|Any CPU
		{23790118-AF20-457B-928F-2DE48D879790}.Release|x86.ActiveCfg = Release|Any CPU
		{23790118-AF20-457B-928F-2DE48D879790}.Release|x86.Build.0 = Release|Any CPU
		{1CDA8106-8C8F-4F2E-99E6-EDF7598F9364}.Debug|Any CPU.ActiveCfg = Debug|Any CPU
		{1CDA8106-8C8F-4F2E-99E6-EDF7598F9364}.Debug|Any CPU.Build.0 = Debug|Any CPU
		{1CDA8106-8C8F-4F2E-99E6-EDF7598F9364}.Debug|x64.ActiveCfg = Debug|Any CPU
		{1CDA8106-8C8F-4F2E-99E6-EDF7598F9364}.Debug|x64.Build.0 = Debug|Any CPU
		{1CDA8106-8C8F-4F2E-99E6-EDF7598F9364}.Debug|x86.ActiveCfg = Debug|Any CPU
		{1CDA8106-8C8F-4F2E-99E6-EDF7598F9364}.Debug|x86.Build.0 = Debug|Any CPU
		{1CDA8106-8C8F-4F2E-99E6-EDF7598F9364}.Release|Any CPU.ActiveCfg = Release|Any CPU
		{1CDA8106-8C8F-4F2E-99E6-EDF7598F9364}.Release|Any CPU.Build.0 = Release|Any CPU
		{1CDA8106-8C8F-4F2E-99E6-EDF7598F9364}.Release|x64.ActiveCfg = Release|Any CPU
		{1CDA8106-8C8F-4F2E-99E6-EDF7598F9364}.Release|x64.Build.0 = Release|Any CPU
		{1CDA8106-8C8F-4F2E-99E6-EDF7598F9364}.Release|x86.ActiveCfg = Release|Any CPU
		{1CDA8106-8C8F-4F2E-99E6-EDF7598F9364}.Release|x86.Build.0 = Release|Any CPU
		{99C5622A-E099-440F-A6D2-D5975A5A8991}.Debug|Any CPU.ActiveCfg = Debug|Any CPU
		{99C5622A-E099-440F-A6D2-D5975A5A8991}.Debug|Any CPU.Build.0 = Debug|Any CPU
		{99C5622A-E099-440F-A6D2-D5975A5A8991}.Debug|x64.ActiveCfg = Debug|Any CPU
		{99C5622A-E099-440F-A6D2-D5975A5A8991}.Debug|x64.Build.0 = Debug|Any CPU
		{99C5622A-E099-440F-A6D2-D5975A5A8991}.Debug|x86.ActiveCfg = Debug|Any CPU
		{99C5622A-E099-440F-A6D2-D5975A5A8991}.Debug|x86.Build.0 = Debug|Any CPU
		{99C5622A-E099-440F-A6D2-D5975A5A8991}.Release|Any CPU.ActiveCfg = Release|Any CPU
		{99C5622A-E099-440F-A6D2-D5975A5A8991}.Release|Any CPU.Build.0 = Release|Any CPU
		{99C5622A-E099-440F-A6D2-D5975A5A8991}.Release|x64.ActiveCfg = Release|Any CPU
		{99C5622A-E099-440F-A6D2-D5975A5A8991}.Release|x64.Build.0 = Release|Any CPU
		{99C5622A-E099-440F-A6D2-D5975A5A8991}.Release|x86.ActiveCfg = Release|Any CPU
		{99C5622A-E099-440F-A6D2-D5975A5A8991}.Release|x86.Build.0 = Release|Any CPU
	EndGlobalSection
	GlobalSection(SolutionProperties) = preSolution
		HideSolutionNode = FALSE
	EndGlobalSection
	GlobalSection(NestedProjects) = preSolution
		{00A64D60-9EB3-4852-8C32-7A22111CF97B} = {827E0CD3-B72D-47B6-A68D-7590B98EB39B}
		{43EF5A38-B95D-4CC3-AF3D-B56B9BD0B9C0} = {827E0CD3-B72D-47B6-A68D-7590B98EB39B}
		{B14E0268-D98C-4000-AB4D-7F70A03A8D4F} = {5D20AA90-6969-D8BD-9DCD-8634F4692FDA}
		{38582E3D-E4A5-4D44-B4D5-D5DE3EA2A38F} = {4C165305-53EC-4A91-90AE-6AA011CB3B31}
		{EF79F4BD-D3CA-477C-BF6E-B7BF73DDDE21} = {0AB3BF05-4346-4AA6-1389-037BE0695223}
		{6508CB80-2D9A-4AC2-9AF2-F55A8F547334} = {99116B1D-F007-E82B-443C-F02EDF2152BC}
		{3F8BA5C4-2B78-4A03-BE33-CA4F0D03F5D7} = {A4A02D90-2A4A-4F31-9E3C-2E6D7E4CB8C3}
		{0740DDFA-090F-B3D7-9E22-FA45606A96EE} = {7525B257-249C-EE79-B10A-65D0BC27ABA9}
		{D3E50298-CB7F-4C84-9205-0115927A36A7} = {0740DDFA-090F-B3D7-9E22-FA45606A96EE}
		{5F4A8798-4B9E-45A9-8D0D-BB8B2E1C3A4C} = {7525B257-249C-EE79-B10A-65D0BC27ABA9}
		{8A0D5F6F-FD9E-4B4A-8C1D-1E2E8B6AB3C4} = {5F4A8798-4B9E-45A9-8D0D-BB8B2E1C3A4C}
		{17FCD53D-7F2B-D2A0-A3BE-2260004B5F2D} = {7525B257-249C-EE79-B10A-65D0BC27ABA9}
		{23790118-AF20-457B-928F-2DE48D879790} = {17FCD53D-7F2B-D2A0-A3BE-2260004B5F2D}
		{50946D15-19CB-FA43-1C52-3DF2598011B5} = {7525B257-249C-EE79-B10A-65D0BC27ABA9}
		{1CDA8106-8C8F-4F2E-99E6-EDF7598F9364} = {50946D15-19CB-FA43-1C52-3DF2598011B5}
		{D0EDFA1F-BD40-5ABE-6AB4-429E57C8173B} = {7525B257-249C-EE79-B10A-65D0BC27ABA9}
		{99C5622A-E099-440F-A6D2-D5975A5A8991} = {D0EDFA1F-BD40-5ABE-6AB4-429E57C8173B}
	EndGlobalSection
EndGlobal
