
Microsoft Visual Studio Solution File, Format Version 12.00
# Visual Studio Version 17
VisualStudioVersion = 17.0.31903.59
MinimumVisualStudioVersion = 10.0.40219.1
Project("{2150E333-8FDC-42A3-9474-1A3956D46DE8}") = "src", "src", "{827E0CD3-B72D-47B6-A68D-7590B98EB39B}"
EndProject
Project("{FAE04EC0-301F-11D3-BF4B-00C04F79EFBC}") = "Agterhuis.Ui", "src\Agterhuis.Ui\Agterhuis.Ui.csproj", "{00A64D60-9EB3-4852-8C32-7A22111CF97B}"
EndProject
Project("{2150E333-8FDC-42A3-9474-1A3956D46DE8}") = "samples", "samples", "{5D20AA90-6969-D8BD-9DCD-8634F4692FDA}"
EndProject
Project("{FAE04EC0-301F-11D3-BF4B-00C04F79EFBC}") = "Agterhuis.Ui.Demo", "samples\Agterhuis.Ui.Demo\Agterhuis.Ui.Demo.csproj", "{B14E0268-D98C-4000-AB4D-7F70A03A8D4F}"
EndProject
Project("{2150E333-8FDC-42A3-9474-1A3956D46DE8}") = "tests", "tests", "{0AB3BF05-4346-4AA6-1389-037BE0695223}"
EndProject
Project("{FAE04EC0-301F-11D3-BF4B-00C04F79EFBC}") = "Agterhuis.Ui.Tests", "tests\Agterhuis.Ui.Tests\Agterhuis.Ui.Tests.csproj", "{EF79F4BD-D3CA-477C-BF6E-B7BF73DDDE21}"
EndProject
Project("{2150E333-8FDC-42A3-9474-1A3956D46DE8}") = "artifacts", "artifacts", "{99116B1D-F007-E82B-443C-F02EDF2152BC}"
EndProject
Project("{FAE04EC0-301F-11D3-BF4B-00C04F79EFBC}") = "RadzenInventoryTool", "artifacts\RadzenInventoryTool\RadzenInventoryTool.csproj", "{6508CB80-2D9A-4AC2-9AF2-F55A8F547334}"
EndProject
Project("{2150E333-8FDC-42A3-9474-1A3956D46DE8}") = "eng", "eng", "{7525B257-249C-EE79-B10A-65D0BC27ABA9}"
EndProject
Project("{2150E333-8FDC-42A3-9474-1A3956D46DE8}") = "token-audit", "token-audit", "{0740DDFA-090F-B3D7-9E22-FA45606A96EE}"
EndProject
Project("{FAE04EC0-301F-11D3-BF4B-00C04F79EFBC}") = "TokenAudit", "eng\token-audit\TokenAudit.csproj", "{D3E50298-CB7F-4C84-9205-0115927A36A7}"
EndProject
Global
	GlobalSection(SolutionConfigurationPlatforms) = preSolution
		Debug|Any CPU = Debug|Any CPU
		Debug|x64 = Debug|x64
		Debug|x86 = Debug|x86
		Release|Any CPU = Release|Any CPU
		Release|x64 = Release|x64
		Release|x86 = Release|x86
	EndGlobalSection
	GlobalSection(ProjectConfigurationPlatforms) = postSolution
		{00A64D60-9EB3-4852-8C32-7A22111CF97B}.Debug|Any CPU.ActiveCfg = Debug|Any CPU
		{00A64D60-9EB3-4852-8C32-7A22111CF97B}.Debug|Any CPU.Build.0 = Debug|Any CPU
		{00A64D60-9EB3-4852-8C32-7A22111CF97B}.Debug|x64.ActiveCfg = Debug|Any CPU
		{00A64D60-9EB3-4852-8C32-7A22111CF97B}.Debug|x64.Build.0 = Debug|Any CPU
		{00A64D60-9EB3-4852-8C32-7A22111CF97B}.Debug|x86.ActiveCfg = Debug|Any CPU
		{00A64D60-9EB3-4852-8C32-7A22111CF97B}.Debug|x86.Build.0 = Debug|Any CPU
		{00A64D60-9EB3-4852-8C32-7A22111CF97B}.Release|Any CPU.ActiveCfg = Release|Any CPU
		{00A64D60-9EB3-4852-8C32-7A22111CF97B}.Release|Any CPU.Build.0 = Release|Any CPU
		{00A64D60-9EB3-4852-8C32-7A22111CF97B}.Release|x64.ActiveCfg = Release|Any CPU
		{00A64D60-9EB3-4852-8C32-7A22111CF97B}.Release|x64.Build.0 = Release|Any CPU
		{00A64D60-9EB3-4852-8C32-7A22111CF97B}.Release|x86.ActiveCfg = Release|Any CPU
		{00A64D60-9EB3-4852-8C32-7A22111CF97B}.Release|x86.Build.0 = Release|Any CPU
		{B14E0268-D98C-4000-AB4D-7F70A03A8D4F}.Debug|Any CPU.ActiveCfg = Debug|Any CPU
		{B14E0268-D98C-4000-AB4D-7F70A03A8D4F}.Debug|Any CPU.Build.0 = Debug|Any CPU
		{B14E0268-D98C-4000-AB4D-7F70A03A8D4F}.Debug|x64.ActiveCfg = Debug|Any CPU
		{B14E0268-D98C-4000-AB4D-7F70A03A8D4F}.Debug|x64.Build.0 = Debug|Any CPU
		{B14E0268-D98C-4000-AB4D-7F70A03A8D4F}.Debug|x86.ActiveCfg = Debug|Any CPU
		{B14E0268-D98C-4000-AB4D-7F70A03A8D4F}.Debug|x86.Build.0 = Debug|Any CPU
		{B14E0268-D98C-4000-AB4D-7F70A03A8D4F}.Release|Any CPU.ActiveCfg = Release|Any CPU
		{B14E0268-D98C-4000-AB4D-7F70A03A8D4F}.Release|Any CPU.Build.0 = Release|Any CPU
		{B14E0268-D98C-4000-AB4D-7F70A03A8D4F}.Release|x64.ActiveCfg = Release|Any CPU
		{B14E0268-D98C-4000-AB4D-7F70A03A8D4F}.Release|x64.Build.0 = Release|Any CPU
		{B14E0268-D98C-4000-AB4D-7F70A03A8D4F}.Release|x86.ActiveCfg = Release|Any CPU
		{B14E0268-D98C-4000-AB4D-7F70A03A8D4F}.Release|x86.Build.0 = Release|Any CPU
		{EF79F4BD-D3CA-477C-BF6E-B7BF73DDDE21}.Debug|Any CPU.ActiveCfg = Debug|Any CPU
		{EF79F4BD-D3CA-477C-BF6E-B7BF73DDDE21}.Debug|Any CPU.Build.0 = Debug|Any CPU
		{EF79F4BD-D3CA-477C-BF6E-B7BF73DDDE21}.Debug|x64.ActiveCfg = Debug|Any CPU
		{EF79F4BD-D3CA-477C-BF6E-B7BF73DDDE21}.Debug|x64.Build.0 = Debug|Any CPU
		{EF79F4BD-D3CA-477C-BF6E-B7BF73DDDE21}.Debug|x86.ActiveCfg = Debug|Any CPU
		{EF79F4BD-D3CA-477C-BF6E-B7BF73DDDE21}.Debug|x86.Build.0 = Debug|Any CPU
		{EF79F4BD-D3CA-477C-BF6E-B7BF73DDDE21}.Release|Any CPU.ActiveCfg = Release|Any CPU
		{EF79F4BD-D3CA-477C-BF6E-B7BF73DDDE21}.Release|Any CPU.Build.0 = Release|Any CPU
		{EF79F4BD-D3CA-477C-BF6E-B7BF73DDDE21}.Release|x64.ActiveCfg = Release|Any CPU
		{EF79F4BD-D3CA-477C-BF6E-B7BF73DDDE21}.Release|x64.Build.0 = Release|Any CPU
		{EF79F4BD-D3CA-477C-BF6E-B7BF73DDDE21}.Release|x86.ActiveCfg = Release|Any CPU
		{EF79F4BD-D3CA-477C-BF6E-B7BF73DDDE21}.Release|x86.Build.0 = Release|Any CPU
		{6508CB80-2D9A-4AC2-9AF2-F55A8F547334}.Debug|Any CPU.ActiveCfg = Debug|Any CPU
		{6508CB80-2D9A-4AC2-9AF2-F55A8F547334}.Debug|Any CPU.Build.0 = Debug|Any CPU
		{6508CB80-2D9A-4AC2-9AF2-F55A8F547334}.Debug|x64.ActiveCfg = Debug|Any CPU
		{6508CB80-2D9A-4AC2-9AF2-F55A8F547334}.Debug|x64.Build.0 = Debug|Any CPU
		{6508CB80-2D9A-4AC2-9AF2-F55A8F547334}.Debug|x86.ActiveCfg = Debug|Any CPU
		{6508CB80-2D9A-4AC2-9AF2-F55A8F547334}.Debug|x86.Build.0 = Debug|Any CPU
		{6508CB80-2D9A-4AC2-9AF2-F55A8F547334}.Release|Any CPU.ActiveCfg = Release|Any CPU
		{6508CB80-2D9A-4AC2-9AF2-F55A8F547334}.Release|Any CPU.Build.0 = Release|Any CPU
		{6508CB80-2D9A-4AC2-9AF2-F55A8F547334}.Release|x64.ActiveCfg = Release|Any CPU
		{6508CB80-2D9A-4AC2-9AF2-F55A8F547334}.Release|x64.Build.0 = Release|Any CPU
		{6508CB80-2D9A-4AC2-9AF2-F55A8F547334}.Release|x86.ActiveCfg = Release|Any CPU
		{6508CB80-2D9A-4AC2-9AF2-F55A8F547334}.Release|x86.Build.0 = Release|Any CPU
		{D3E50298-CB7F-4C84-9205-0115927A36A7}.Debug|Any CPU.ActiveCfg = Debug|Any CPU
		{D3E50298-CB7F-4C84-9205-0115927A36A7}.Debug|Any CPU.Build.0 = Debug|Any CPU
		{D3E50298-CB7F-4C84-9205-0115927A36A7}.Debug|x64.ActiveCfg = Debug|Any CPU
		{D3E50298-CB7F-4C84-9205-0115927A36A7}.Debug|x64.Build.0 = Debug|Any CPU
		{D3E50298-CB7F-4C84-9205-0115927A36A7}.Debug|x86.ActiveCfg = Debug|Any CPU
		{D3E50298-CB7F-4C84-9205-0115927A36A7}.Debug|x86.Build.0 = Debug|Any CPU
		{D3E50298-CB7F-4C84-9205-0115927A36A7}.Release|Any CPU.ActiveCfg = Release|Any CPU
		{D3E50298-CB7F-4C84-9205-0115927A36A7}.Release|Any CPU.Build.0 = Release|Any CPU
		{D3E50298-CB7F-4C84-9205-0115927A36A7}.Release|x64.ActiveCfg = Release|Any CPU
		{D3E50298-CB7F-4C84-9205-0115927A36A7}.Release|x64.Build.0 = Release|Any CPU
		{D3E50298-CB7F-4C84-9205-0115927A36A7}.Release|x86.ActiveCfg = Release|Any CPU
		{D3E50298-CB7F-4C84-9205-0115927A36A7}.Release|x86.Build.0 = Release|Any CPU
	EndGlobalSection
	GlobalSection(SolutionProperties) = preSolution
		HideSolutionNode = FALSE
	EndGlobalSection
	GlobalSection(NestedProjects) = preSolution
		{00A64D60-9EB3-4852-8C32-7A22111CF97B} = {827E0CD3-B72D-47B6-A68D-7590B98EB39B}
		{B14E0268-D98C-4000-AB4D-7F70A03A8D4F} = {5D20AA90-6969-D8BD-9DCD-8634F4692FDA}
		{EF79F4BD-D3CA-477C-BF6E-B7BF73DDDE21} = {0AB3BF05-4346-4AA6-1389-037BE0695223}
		{6508CB80-2D9A-4AC2-9AF2-F55A8F547334} = {99116B1D-F007-E82B-443C-F02EDF2152BC}
		{0740DDFA-090F-B3D7-9E22-FA45606A96EE} = {7525B257-249C-EE79-B10A-65D0BC27ABA9}
		{D3E50298-CB7F-4C84-9205-0115927A36A7} = {0740DDFA-090F-B3D7-9E22-FA45606A96EE}
	EndGlobalSection
EndGlobal
